
Microsoft Visual Studio Solution File, Format Version 12.00
# Visual Studio Version 16
VisualStudioVersion = 16.0.30907.101
MinimumVisualStudioVersion = 10.0.40219.1
Project("{FAE04EC0-301F-11D3-BF4B-00C04F79EFBC}") = "MVC_App", "MVC_App.csproj", "{BA920741-4614-4FAE-8836-9407A8FDFA0E}"
EndProject
Global
	GlobalSection(SolutionConfigurationPlatforms) = preSolution
		Debug|Any CPU = Debug|Any CPU
		Release|Any CPU = Release|Any CPU
	EndGlobalSection
	GlobalSection(ProjectConfigurationPlatforms) = postSolution
		{BA920741-4614-4FAE-8836-9407A8FDFA0E}.Debug|Any CPU.ActiveCfg = Debug|Any CPU
		{BA920741-4614-4FAE-8836-9407A8FDFA0E}.Debug|Any CPU.Build.0 = Debug|Any CPU
		{BA920741-4614-4FAE-8836-9407A8FDFA0E}.Release|Any CPU.ActiveCfg = Release|Any CPU
		{BA920741-4614-4FAE-8836-9407A8FDFA0E}.Release|Any CPU.Build.0 = Release|Any CPU
	EndGlobalSection
	GlobalSection(SolutionProperties) = preSolution
		HideSolutionNode = FALSE
	EndGlobalSection
	GlobalSection(ExtensibilityGlobals) = postSolution
		SolutionGuid = {E7F08BAC-AB2C-4973-A90B-850FCCDE6DE8}
	EndGlobalSection
EndGlobal
